
Microsoft Visual Studio Solution File, Format Version 12.00
# Visual Studio Version 17
VisualStudioVersion = 17.8.34330.188
MinimumVisualStudioVersion = 10.0.40219.1
Project("{FAE04EC0-301F-11D3-BF4B-00C04F79EFBC}") = "MqttReceived", "MqttReceived.csproj", "{3C4174EE-6414-4648-898A-0CBF63292A73}"
EndProject
Global
	GlobalSection(SolutionConfigurationPlatforms) = preSolution
		Debug|Any CPU = Debug|Any CPU
		Release|Any CPU = Release|Any CPU
	EndGlobalSection
	GlobalSection(ProjectConfigurationPlatforms) = postSolution
		{3C4174EE-6414-4648-898A-0CBF63292A73}.Debug|Any CPU.ActiveCfg = Debug|Any CPU
		{3C4174EE-6414-4648-898A-0CBF63292A73}.Debug|Any CPU.Build.0 = Debug|Any CPU
		{3C4174EE-6414-4648-898A-0CBF63292A73}.Release|Any CPU.ActiveCfg = Release|Any CPU
		{3C4174EE-6414-4648-898A-0CBF63292A73}.Release|Any CPU.Build.0 = Release|Any CPU
	EndGlobalSection
	GlobalSection(SolutionProperties) = preSolution
		HideSolutionNode = FALSE
	EndGlobalSection
	GlobalSection(ExtensibilityGlobals) = postSolution
		SolutionGuid = {57B047C0-0EED-4A68-8977-F994352D5BA6}
	EndGlobalSection
EndGlobal
